
Microsoft Visual Studio Solution File, Format Version 12.00
# Visual Studio Version 17
VisualStudioVersion = 17.7.34031.279
MinimumVisualStudioVersion = 10.0.40219.1
Project("{FAE04EC0-301F-11D3-BF4B-00C04F79EFBC}") = "customDelegate_ practice_task", "customDelegate_ practice_task\customDelegate_ practice_task.csproj", "{D592B0B0-0827-4F1C-BE16-942AD803B49E}"
EndProject
Global
	GlobalSection(SolutionConfigurationPlatforms) = preSolution
		Debug|Any CPU = Debug|Any CPU
		Release|Any CPU = Release|Any CPU
	EndGlobalSection
	GlobalSection(ProjectConfigurationPlatforms) = postSolution
		{D592B0B0-0827-4F1C-BE16-942AD803B49E}.Debug|Any CPU.ActiveCfg = Debug|Any CPU
		{D592B0B0-0827-4F1C-BE16-942AD803B49E}.Debug|Any CPU.Build.0 = Debug|Any CPU
		{D592B0B0-0827-4F1C-BE16-942AD803B49E}.Release|Any CPU.ActiveCfg = Release|Any CPU
		{D592B0B0-0827-4F1C-BE16-942AD803B49E}.Release|Any CPU.Build.0 = Release|Any CPU
	EndGlobalSection
	GlobalSection(SolutionProperties) = preSolution
		HideSolutionNode = FALSE
	EndGlobalSection
	GlobalSection(ExtensibilityGlobals) = postSolution
		SolutionGuid = {BA634D86-24D6-4AAF-96A7-8D5173EC97BB}
	EndGlobalSection
EndGlobal
