
Microsoft Visual Studio Solution File, Format Version 12.00
# Visual Studio Version 17
VisualStudioVersion = 17.7.34031.279
MinimumVisualStudioVersion = 10.0.40219.1
Project("{FAE04EC0-301F-11D3-BF4B-00C04F79EFBC}") = "Acces modifier sinifde task tekrar", "Acces modifier sinifde task tekrar\Acces modifier sinifde task tekrar.csproj", "{99324AAF-F82F-456B-BD51-D454081340D6}"
EndProject
Global
	GlobalSection(SolutionConfigurationPlatforms) = preSolution
		Debug|Any CPU = Debug|Any CPU
		Release|Any CPU = Release|Any CPU
	EndGlobalSection
	GlobalSection(ProjectConfigurationPlatforms) = postSolution
		{99324AAF-F82F-456B-BD51-D454081340D6}.Debug|Any CPU.ActiveCfg = Debug|Any CPU
		{99324AAF-F82F-456B-BD51-D454081340D6}.Debug|Any CPU.Build.0 = Debug|Any CPU
		{99324AAF-F82F-456B-BD51-D454081340D6}.Release|Any CPU.ActiveCfg = Release|Any CPU
		{99324AAF-F82F-456B-BD51-D454081340D6}.Release|Any CPU.Build.0 = Release|Any CPU
	EndGlobalSection
	GlobalSection(SolutionProperties) = preSolution
		HideSolutionNode = FALSE
	EndGlobalSection
	GlobalSection(ExtensibilityGlobals) = postSolution
		SolutionGuid = {7BFC9109-2167-4C9D-B004-C83147ADEDD0}
	EndGlobalSection
EndGlobal
