
Microsoft Visual Studio Solution File, Format Version 12.00
# Visual Studio Version 17
VisualStudioVersion = 17.7.34031.279
MinimumVisualStudioVersion = 10.0.40219.1
Project("{FAE04EC0-301F-11D3-BF4B-00C04F79EFBC}") = "inheritance_practice", "inheritance_practice\inheritance_practice.csproj", "{D9F40B1D-553A-4E66-A5AC-D332F2AFC121}"
EndProject
Global
	GlobalSection(SolutionConfigurationPlatforms) = preSolution
		Debug|Any CPU = Debug|Any CPU
		Release|Any CPU = Release|Any CPU
	EndGlobalSection
	GlobalSection(ProjectConfigurationPlatforms) = postSolution
		{D9F40B1D-553A-4E66-A5AC-D332F2AFC121}.Debug|Any CPU.ActiveCfg = Debug|Any CPU
		{D9F40B1D-553A-4E66-A5AC-D332F2AFC121}.Debug|Any CPU.Build.0 = Debug|Any CPU
		{D9F40B1D-553A-4E66-A5AC-D332F2AFC121}.Release|Any CPU.ActiveCfg = Release|Any CPU
		{D9F40B1D-553A-4E66-A5AC-D332F2AFC121}.Release|Any CPU.Build.0 = Release|Any CPU
	EndGlobalSection
	GlobalSection(SolutionProperties) = preSolution
		HideSolutionNode = FALSE
	EndGlobalSection
	GlobalSection(ExtensibilityGlobals) = postSolution
		SolutionGuid = {A75402EC-B932-4453-90CD-45E941F08D71}
	EndGlobalSection
EndGlobal
