
Microsoft Visual Studio Solution File, Format Version 12.00
# Visual Studio Version 17
VisualStudioVersion = 17.7.34031.279
MinimumVisualStudioVersion = 10.0.40219.1
Project("{FAE04EC0-301F-11D3-BF4B-00C04F79EFBC}") = "ClassAccesModifier", "ClassAccesModifier\ClassAccesModifier.csproj", "{2594F864-1A23-4A9A-9401-1F33F7FF7CC6}"
EndProject
Project("{FAE04EC0-301F-11D3-BF4B-00C04F79EFBC}") = "List", "List\List.csproj", "{2FF776A0-3DD3-479B-9AF2-39F0040FE50D}"
EndProject
Global
	GlobalSection(SolutionConfigurationPlatforms) = preSolution
		Debug|Any CPU = Debug|Any CPU
		Release|Any CPU = Release|Any CPU
	EndGlobalSection
	GlobalSection(ProjectConfigurationPlatforms) = postSolution
		{2594F864-1A23-4A9A-9401-1F33F7FF7CC6}.Debug|Any CPU.ActiveCfg = Debug|Any CPU
		{2594F864-1A23-4A9A-9401-1F33F7FF7CC6}.Debug|Any CPU.Build.0 = Debug|Any CPU
		{2594F864-1A23-4A9A-9401-1F33F7FF7CC6}.Release|Any CPU.ActiveCfg = Release|Any CPU
		{2594F864-1A23-4A9A-9401-1F33F7FF7CC6}.Release|Any CPU.Build.0 = Release|Any CPU
		{2FF776A0-3DD3-479B-9AF2-39F0040FE50D}.Debug|Any CPU.ActiveCfg = Debug|Any CPU
		{2FF776A0-3DD3-479B-9AF2-39F0040FE50D}.Debug|Any CPU.Build.0 = Debug|Any CPU
		{2FF776A0-3DD3-479B-9AF2-39F0040FE50D}.Release|Any CPU.ActiveCfg = Release|Any CPU
		{2FF776A0-3DD3-479B-9AF2-39F0040FE50D}.Release|Any CPU.Build.0 = Release|Any CPU
	EndGlobalSection
	GlobalSection(SolutionProperties) = preSolution
		HideSolutionNode = FALSE
	EndGlobalSection
	GlobalSection(ExtensibilityGlobals) = postSolution
		SolutionGuid = {7F7E82E0-0566-4037-8141-85B578A538BF}
	EndGlobalSection
EndGlobal
