
Microsoft Visual Studio Solution File, Format Version 12.00
# Visual Studio Version 17
VisualStudioVersion = 17.7.34031.279
MinimumVisualStudioVersion = 10.0.40219.1
Project("{FAE04EC0-301F-11D3-BF4B-00C04F79EFBC}") = "UlvimMlmPractice", "UlvimMlmPractice\UlvimMlmPractice.csproj", "{56A35D71-86BD-49CA-AFD1-31D574BD2682}"
EndProject
Project("{FAE04EC0-301F-11D3-BF4B-00C04F79EFBC}") = "Core", "Core\Core.csproj", "{38D6D102-1D58-42AD-B47B-171B05E4B840}"
EndProject
Global
	GlobalSection(SolutionConfigurationPlatforms) = preSolution
		Debug|Any CPU = Debug|Any CPU
		Release|Any CPU = Release|Any CPU
	EndGlobalSection
	GlobalSection(ProjectConfigurationPlatforms) = postSolution
		{56A35D71-86BD-49CA-AFD1-31D574BD2682}.Debug|Any CPU.ActiveCfg = Debug|Any CPU
		{56A35D71-86BD-49CA-AFD1-31D574BD2682}.Debug|Any CPU.Build.0 = Debug|Any CPU
		{56A35D71-86BD-49CA-AFD1-31D574BD2682}.Release|Any CPU.ActiveCfg = Release|Any CPU
		{56A35D71-86BD-49CA-AFD1-31D574BD2682}.Release|Any CPU.Build.0 = Release|Any CPU
		{38D6D102-1D58-42AD-B47B-171B05E4B840}.Debug|Any CPU.ActiveCfg = Debug|Any CPU
		{38D6D102-1D58-42AD-B47B-171B05E4B840}.Debug|Any CPU.Build.0 = Debug|Any CPU
		{38D6D102-1D58-42AD-B47B-171B05E4B840}.Release|Any CPU.ActiveCfg = Release|Any CPU
		{38D6D102-1D58-42AD-B47B-171B05E4B840}.Release|Any CPU.Build.0 = Release|Any CPU
	EndGlobalSection
	GlobalSection(SolutionProperties) = preSolution
		HideSolutionNode = FALSE
	EndGlobalSection
	GlobalSection(ExtensibilityGlobals) = postSolution
		SolutionGuid = {1D1F476D-D694-4860-BC67-A2B074841DCB}
	EndGlobalSection
EndGlobal
