
Microsoft Visual Studio Solution File, Format Version 12.00
# Visual Studio Version 17
VisualStudioVersion = 17.7.34031.279
MinimumVisualStudioVersion = 10.0.40219.1
Project("{FAE04EC0-301F-11D3-BF4B-00C04F79EFBC}") = "praktika_arrays", "praktika_arrays\praktika_arrays.csproj", "{DAE394EE-576F-47AA-9BC6-57D7B7D0E57A}"
EndProject
Global
	GlobalSection(SolutionConfigurationPlatforms) = preSolution
		Debug|Any CPU = Debug|Any CPU
		Release|Any CPU = Release|Any CPU
	EndGlobalSection
	GlobalSection(ProjectConfigurationPlatforms) = postSolution
		{DAE394EE-576F-47AA-9BC6-57D7B7D0E57A}.Debug|Any CPU.ActiveCfg = Debug|Any CPU
		{DAE394EE-576F-47AA-9BC6-57D7B7D0E57A}.Debug|Any CPU.Build.0 = Debug|Any CPU
		{DAE394EE-576F-47AA-9BC6-57D7B7D0E57A}.Release|Any CPU.ActiveCfg = Release|Any CPU
		{DAE394EE-576F-47AA-9BC6-57D7B7D0E57A}.Release|Any CPU.Build.0 = Release|Any CPU
	EndGlobalSection
	GlobalSection(SolutionProperties) = preSolution
		HideSolutionNode = FALSE
	EndGlobalSection
	GlobalSection(ExtensibilityGlobals) = postSolution
		SolutionGuid = {530832AE-211F-4B64-8B56-385083E2A49A}
	EndGlobalSection
EndGlobal
