
Microsoft Visual Studio Solution File, Format Version 12.00
# Visual Studio Version 17
VisualStudioVersion = 17.7.34031.279
MinimumVisualStudioVersion = 10.0.40219.1
Project("{FAE04EC0-301F-11D3-BF4B-00C04F79EFBC}") = "Async non async", "Async non async\Async non async.csproj", "{88963620-792C-4429-80C6-BE5C899772DC}"
EndProject
Global
	GlobalSection(SolutionConfigurationPlatforms) = preSolution
		Debug|Any CPU = Debug|Any CPU
		Release|Any CPU = Release|Any CPU
	EndGlobalSection
	GlobalSection(ProjectConfigurationPlatforms) = postSolution
		{88963620-792C-4429-80C6-BE5C899772DC}.Debug|Any CPU.ActiveCfg = Debug|Any CPU
		{88963620-792C-4429-80C6-BE5C899772DC}.Debug|Any CPU.Build.0 = Debug|Any CPU
		{88963620-792C-4429-80C6-BE5C899772DC}.Release|Any CPU.ActiveCfg = Release|Any CPU
		{88963620-792C-4429-80C6-BE5C899772DC}.Release|Any CPU.Build.0 = Release|Any CPU
	EndGlobalSection
	GlobalSection(SolutionProperties) = preSolution
		HideSolutionNode = FALSE
	EndGlobalSection
	GlobalSection(ExtensibilityGlobals) = postSolution
		SolutionGuid = {61678410-4B31-42E1-848C-C8C1F87840B3}
	EndGlobalSection
EndGlobal
